{
  "name": "elsesourav-monorepo",
  "version": "2.0.0",
  "lockfileVersion": 3,
  "requires": true,
  "packages": {
    "": {
      "name": "elsesourav-monorepo",
      "version": "2.0.0",
      "devDependencies": {
        "prettier": "^3.5.1",
        "turbo": "^2.4.4",
        "typescript": "^5.7.3"
      }
    },
    "node_modules/@turbo/darwin-64": {
      "version": "2.10.12",
      "resolved": "https://registry.npmjs.org/@turbo/darwin-64/-/darwin-64-2.10.12.tgz",
      "integrity": "sha512-9nKgKoF6ZOUsM+or0OtNf+TTJSfGvDNP7ZFv/ZGWVwOSCkumyctQiTeHwB4UNljHTnC41AqylgbunLDHoccNrA==",
      "cpu": [
        "x64"
      ],
      "dev": true,
      "license": "MIT",
      "optional": true,
      "os": [
        "darwin"
      ]
    },
    "node_modules/@turbo/darwin-arm64": {
      "version": "2.10.12",
      "resolved": "https://registry.npmjs.org/@turbo/darwin-arm64/-/darwin-arm64-2.10.12.tgz",
      "integrity": "sha512-H4Elb1jqTZVeIC9bbcNwjSzemZ6RegoTOVHeuV5Osirt2Z8UguTyisMEkvZjPVZgMeN9J4ERZBFad40tFnkb7w==",
      "cpu": [
        "arm64"
      ],
      "dev": true,
      "license": "MIT",
      "optional": true,
      "os": [
        "darwin"
      ]
    },
    "node_modules/@turbo/linux-64": {
      "version": "2.10.12",
      "resolved": "https://registry.npmjs.org/@turbo/linux-64/-/linux-64-2.10.12.tgz",
      "integrity": "sha512-lr7KIotukvjZwEXiFSYAeOH3BWzjFVBbSzTbv0fuGFsNukYyH0+g1hB5ecqnJkgkYU+KHEMG1edOhnjiKON1wQ==",
      "cpu": [
        "x64"
      ],
      "dev": true,
      "license": "MIT",
      "optional": true,
      "os": [
        "android",
        "linux"
      ]
    },
    "node_modules/@turbo/linux-arm64": {
      "version": "2.10.12",
      "resolved": "https://registry.npmjs.org/@turbo/linux-arm64/-/linux-arm64-2.10.12.tgz",
      "integrity": "sha512-f0pZDTtvzB5SuNwuXBaKbZHUCMCukgc8nMlHEuvLmj91Fzec+MEbr3cAvGNor5htEDqZnO6Lxt9N/GPI/77oGA==",
      "cpu": [
        "arm64"
      ],
      "dev": true,
      "license": "MIT",
      "optional": true,
      "os": [
        "android",
        "linux"
      ]
    },
    "node_modules/@turbo/windows-64": {
      "version": "2.10.12",
      "resolved": "https://registry.npmjs.org/@turbo/windows-64/-/windows-64-2.10.12.tgz",
      "integrity": "sha512-SDOueJRjS/QcykWf2KCRtTLmIl5YMKsLbXkXQGhDwcTXvKXZiS5ih5lBl/gkwZIpYFjqA/rAlfMzlAFcVHNe0g==",
      "cpu": [
        "x64"
      ],
      "dev": true,
      "license": "MIT",
      "optional": true,
      "os": [
        "win32"
      ]
    },
    "node_modules/@turbo/windows-arm64": {
      "version": "2.10.12",
      "resolved": "https://registry.npmjs.org/@turbo/windows-arm64/-/windows-arm64-2.10.12.tgz",
      "integrity": "sha512-0i0mVUa4kKk+/B3RwEwPMf9CB+T7ul56hn5FFHNA4VUNTOoLBEd6aNf3FaKfCatDNZ6cicCEf6if9QUTVyzzcA==",
      "cpu": [
        "arm64"
      ],
      "dev": true,
      "license": "MIT",
      "optional": true,
      "os": [
        "win32"
      ]
    },
    "node_modules/prettier": {
      "version": "3.9.6",
      "resolved": "https://registry.npmjs.org/prettier/-/prettier-3.9.6.tgz",
      "integrity": "sha512-OpN0zzVdiaiAhxpuuj5efpIS4sY9j7bY6uR5mnj5yPzGkdkjNKSJeUThPb60Jw29QuAZgA4o+/iB49kFiaBX6g==",
      "dev": true,
      "license": "MIT",
      "bin": {
        "prettier": "bin/prettier.cjs"
      },
      "engines": {
        "node": ">=14"
      },
      "funding": {
        "url": "https://github.com/prettier/prettier?sponsor=1"
      }
    },
    "node_modules/turbo": {
      "version": "2.10.12",
      "resolved": "https://registry.npmjs.org/turbo/-/turbo-2.10.12.tgz",
      "integrity": "sha512-AswgMPnpOoaVZHrrSBejETzEbuIA69OVGwfkHwfrY0A23VjWXBANzgq9+OymWOHAIArB7D1+1z498WY8fGg1Jw==",
      "dev": true,
      "license": "MIT",
      "bin": {
        "turbo": "bin/turbo"
      },
      "optionalDependencies": {
        "@turbo/darwin-64": "2.10.12",
        "@turbo/darwin-arm64": "2.10.12",
        "@turbo/linux-64": "2.10.12",
        "@turbo/linux-arm64": "2.10.12",
        "@turbo/windows-64": "2.10.12",
        "@turbo/windows-arm64": "2.10.12"
      }
    },
    "node_modules/typescript": {
      "version": "5.9.3",
      "resolved": "https://registry.npmjs.org/typescript/-/typescript-5.9.3.tgz",
      "integrity": "sha512-jl1vZzPDinLr9eUt3J/t7V6FgNEw9QjvBPdysz9KfQDD41fQrC2Y4vKQdiaUpFT4bXlb1RHhLpp8wtm6M5TgSw==",
      "dev": true,
      "license": "Apache-2.0",
      "bin": {
        "tsc": "bin/tsc",
        "tsserver": "bin/tsserver"
      },
      "engines": {
        "node": ">=14.17"
      }
    }
  }
}
